
Microsoft Visual Studio Solution File, Format Version 12.00
# Visual Studio Version 16
VisualStudioVersion = 16.0.30204.135
MinimumVisualStudioVersion = 10.0.40219.1
Project("{FAE04EC0-301F-11D3-BF4B-00C04F79EFBC}") = "SendUDP", "SendUDP\SendUDP.csproj", "{0006F4C4-5CB3-4F00-8133-EF588AE476CD}"
EndProject
Global
	GlobalSection(SolutionConfigurationPlatforms) = preSolution
		Debug|Any CPU = Debug|Any CPU
		Release|Any CPU = Release|Any CPU
	EndGlobalSection
	GlobalSection(ProjectConfigurationPlatforms) = postSolution
		{0006F4C4-5CB3-4F00-8133-EF588AE476CD}.Debug|Any CPU.ActiveCfg = Debug|Any CPU
		{0006F4C4-5CB3-4F00-8133-EF588AE476CD}.Debug|Any CPU.Build.0 = Debug|Any CPU
		{0006F4C4-5CB3-4F00-8133-EF588AE476CD}.Release|Any CPU.ActiveCfg = Release|Any CPU
		{0006F4C4-5CB3-4F00-8133-EF588AE476CD}.Release|Any CPU.Build.0 = Release|Any CPU
	EndGlobalSection
	GlobalSection(SolutionProperties) = preSolution
		HideSolutionNode = FALSE
	EndGlobalSection
	GlobalSection(ExtensibilityGlobals) = postSolution
		SolutionGuid = {C03F50AD-7668-410C-8077-7AC2FAF46951}
	EndGlobalSection
EndGlobal
